
Microsoft Visual Studio Solution File, Format Version 12.00
# Visual Studio Version 16
VisualStudioVersion = 16.0.30907.101
MinimumVisualStudioVersion = 10.0.40219.1
Project("{FAE04EC0-301F-11D3-BF4B-00C04F79EFBC}") = "Lucky ticket", "Lucky ticket\Lucky ticket.csproj", "{C87CCDEE-98BE-44F2-B1C4-F5D269E12946}"
EndProject
Global
	GlobalSection(SolutionConfigurationPlatforms) = preSolution
		Debug|Any CPU = Debug|Any CPU
		Release|Any CPU = Release|Any CPU
	EndGlobalSection
	GlobalSection(ProjectConfigurationPlatforms) = postSolution
		{C87CCDEE-98BE-44F2-B1C4-F5D269E12946}.Debug|Any CPU.ActiveCfg = Debug|Any CPU
		{C87CCDEE-98BE-44F2-B1C4-F5D269E12946}.Debug|Any CPU.Build.0 = Debug|Any CPU
		{C87CCDEE-98BE-44F2-B1C4-F5D269E12946}.Release|Any CPU.ActiveCfg = Release|Any CPU
		{C87CCDEE-98BE-44F2-B1C4-F5D269E12946}.Release|Any CPU.Build.0 = Release|Any CPU
	EndGlobalSection
	GlobalSection(SolutionProperties) = preSolution
		HideSolutionNode = FALSE
	EndGlobalSection
	GlobalSection(ExtensibilityGlobals) = postSolution
		SolutionGuid = {D834DD84-8457-479C-BBDF-167CC84BF1FD}
	EndGlobalSection
EndGlobal
